
Microsoft Visual Studio Solution File, Format Version 12.00
# Visual Studio Version 17
VisualStudioVersion = 17.0.32112.339
MinimumVisualStudioVersion = 10.0.40219.1
Project("{2150E333-8FDC-42A3-9474-1A3956D46DE8}") = "Stylish FSharp", "Stylish FSharp", "{7BC1D305-3B29-4962-B5BF-BF1BBA71685D}"
EndProject
Project("{6EC3EE1D-3C4E-46DD-8F32-0CC8E7565705}") = "Chapter2", "stylish-fsharp\Chapter2\Chapter2.fsproj", "{4770BB1F-E3E3-411F-8C3A-6532C248C1A2}"
EndProject
Global
	GlobalSection(SolutionConfigurationPlatforms) = preSolution
		Debug|Any CPU = Debug|Any CPU
		Release|Any CPU = Release|Any CPU
	EndGlobalSection
	GlobalSection(ProjectConfigurationPlatforms) = postSolution
		{4770BB1F-E3E3-411F-8C3A-6532C248C1A2}.Debug|Any CPU.ActiveCfg = Debug|Any CPU
		{4770BB1F-E3E3-411F-8C3A-6532C248C1A2}.Debug|Any CPU.Build.0 = Debug|Any CPU
		{4770BB1F-E3E3-411F-8C3A-6532C248C1A2}.Release|Any CPU.ActiveCfg = Release|Any CPU
		{4770BB1F-E3E3-411F-8C3A-6532C248C1A2}.Release|Any CPU.Build.0 = Release|Any CPU
	EndGlobalSection
	GlobalSection(SolutionProperties) = preSolution
		HideSolutionNode = FALSE
	EndGlobalSection
	GlobalSection(NestedProjects) = preSolution
		{4770BB1F-E3E3-411F-8C3A-6532C248C1A2} = {7BC1D305-3B29-4962-B5BF-BF1BBA71685D}
	EndGlobalSection
	GlobalSection(ExtensibilityGlobals) = postSolution
		SolutionGuid = {A3B7E2C5-D0B1-47AB-88FD-C52C554F40F1}
	EndGlobalSection
EndGlobal
